{
  "nodes": {
    "den": {
      "locked": {
        "lastModified": 1772756594,
        "narHash": "sha256-T0xYjpbcbyr1a9+2oG3mWBdRsCzXKwec29inS0bgMZE=",
        "owner": "vic",
        "repo": "den",
        "rev": "2a654815e310c3a9bd6a64f4fe1afec82444deba",
        "type": "github"
      },
      "original": {
        "owner": "vic",
        "ref": "refs/tags/v0.11.0",
        "repo": "den",
        "type": "github"
      }
    },
    "disko": {
      "inputs": {
        "nixpkgs": [
          "nixpkgs"
        ]
      },
      "locked": {
        "lastModified": 1772867152,
        "narHash": "sha256-RIFgZ4O6Eg+5ysZ8Tqb3YvcqiRaNy440GEY22ltjRrs=",
        "owner": "nix-community",
        "repo": "disko",
        "rev": "eaafb89b56e948661d618eefd4757d9ea8d77514",
        "type": "github"
      },
      "original": {
        "owner": "nix-community",
        "repo": "disko",
        "type": "github"
      }
    },
    "flake-aspects": {
      "locked": {
        "lastModified": 1772749648,
        "narHash": "sha256-6QtwbL/R0RhJrHIDc1SdJD0YYfVXG9yteiFkfNl0Rbg=",
        "owner": "vic",
        "repo": "flake-aspects",
        "rev": "ccc25fc1e06b8957e15e6d0c0a0c51e9d7a96b37",
        "type": "github"
      },
      "original": {
        "owner": "vic",
        "repo": "flake-aspects",
        "type": "github"
      }
    },
    "flake-file": {
      "locked": {
        "lastModified": 1772863627,
        "narHash": "sha256-Jx4FIAwp3E1cUKQ+a9DfVhRU+ry/IyjYNJbtyz+ld5U=",
        "owner": "vic",
        "repo": "flake-file",
        "rev": "51181d48fcc08f5cc97b64859b91699d70c59d11",
        "type": "github"
      },
      "original": {
        "owner": "vic",
        "repo": "flake-file",
        "type": "github"
      }
    },
    "flake-parts": {
      "inputs": {
        "nixpkgs-lib": [
          "nixpkgs-lib"
        ]
      },
      "locked": {
        "lastModified": 1772408722,
        "narHash": "sha256-rHuJtdcOjK7rAHpHphUb1iCvgkU3GpfvicLMwwnfMT0=",
        "owner": "hercules-ci",
        "repo": "flake-parts",
        "rev": "f20dc5d9b8027381c474144ecabc9034d6a839a3",
        "type": "github"
      },
      "original": {
        "owner": "hercules-ci",
        "repo": "flake-parts",
        "type": "github"
      }
    },
    "home-manager": {
      "inputs": {
        "nixpkgs": [
          "nixpkgs"
        ]
      },
      "locked": {
        "lastModified": 1772845525,
        "narHash": "sha256-Dp5Ir2u4jJDGCgeMRviHvEQDe+U37hMxp6RSNOoMMPc=",
        "owner": "nix-community",
        "repo": "home-manager",
        "rev": "27b93804fbef1544cb07718d3f0a451f4c4cd6c0",
        "type": "github"
      },
      "original": {
        "owner": "nix-community",
        "repo": "home-manager",
        "type": "github"
      }
    },
    "import-tree": {
      "locked": {
        "lastModified": 1772344373,
        "narHash": "sha256-OQQ1MhB9t1J71b2wxRRTdH/Qd8UGG0p+dGspfCf5U1c=",
        "owner": "vic",
        "repo": "import-tree",
        "rev": "10fda59eee7d7970ec443b925f32a1bc7526648c",
        "type": "github"
      },
      "original": {
        "owner": "vic",
        "repo": "import-tree",
        "type": "github"
      }
    },
    "nixpkgs": {
      "locked": {
        "lastModified": 1772736753,
        "narHash": "sha256-QKxBW7o8gmUwDXQhsbIb0JCoUgCr8B80ltkjbg840UQ=",
        "rev": "917fec990948658ef1ccd07cef2a1ef060786846",
        "type": "tarball",
        "url": "https://releases.nixos.org/nixpkgs/nixpkgs-26.05pre958799.917fec990948/nixexprs.tar.xz"
      },
      "original": {
        "type": "tarball",
        "url": "https://channels.nixos.org/nixpkgs-unstable/nixexprs.tar.xz"
      }
    },
    "root": {
      "inputs": {
        "den": "den",
        "disko": "disko",
        "flake-aspects": "flake-aspects",
        "flake-file": "flake-file",
        "flake-parts": "flake-parts",
        "home-manager": "home-manager",
        "import-tree": "import-tree",
        "nixpkgs": "nixpkgs",
        "nixpkgs-lib": [
          "nixpkgs"
        ]
      }
    }
  },
  "root": "root",
  "version": 7
}
