{
  "nodes": {
    "den": {
      "locked": {
        "lastModified": 1772688775,
        "narHash": "sha256-k1Hz0a/LF7/xlrvM3vlbeQJES8jtBjZnVQu36jH8R5Y=",
        "owner": "vic",
        "repo": "den",
        "rev": "4b3f7765aecc97c1e61b369ee10e020f5bcf1e6f",
        "type": "github"
      },
      "original": {
        "owner": "vic",
        "repo": "den",
        "type": "github"
      }
    },
    "flake-aspects": {
      "locked": {
        "lastModified": 1772679072,
        "narHash": "sha256-qrbfroFGetX5DS/n6gP6BifqGCO084b5ad8C5kwaLAk=",
        "owner": "vic",
        "repo": "flake-aspects",
        "rev": "82a472654139897fab1bcb2d96ae337fb7928800",
        "type": "github"
      },
      "original": {
        "owner": "vic",
        "repo": "flake-aspects",
        "type": "github"
      }
    },
    "flake-file": {
      "locked": {
        "lastModified": 1772343585,
        "narHash": "sha256-7jADySzWscA2822JzNbfRdC+R+B7tzDoWavG8DMY1tU=",
        "owner": "vic",
        "repo": "flake-file",
        "rev": "0f5c1039860127fa5673d362d68f8b7df29a44bc",
        "type": "github"
      },
      "original": {
        "owner": "vic",
        "repo": "flake-file",
        "type": "github"
      }
    },
    "flake-parts": {
      "inputs": {
        "nixpkgs-lib": [
          "nixpkgs-lib"
        ]
      },
      "locked": {
        "lastModified": 1772408722,
        "narHash": "sha256-rHuJtdcOjK7rAHpHphUb1iCvgkU3GpfvicLMwwnfMT0=",
        "owner": "hercules-ci",
        "repo": "flake-parts",
        "rev": "f20dc5d9b8027381c474144ecabc9034d6a839a3",
        "type": "github"
      },
      "original": {
        "owner": "hercules-ci",
        "repo": "flake-parts",
        "type": "github"
      }
    },
    "home-manager": {
      "inputs": {
        "nixpkgs": [
          "nixpkgs"
        ]
      },
      "locked": {
        "lastModified": 1772569491,
        "narHash": "sha256-bdr6ueeXO1Xg91sFkuvaysYF0mVdwHBpdyhTjBEWv+s=",
        "owner": "nix-community",
        "repo": "home-manager",
        "rev": "924e61f5c2aeab38504028078d7091077744ab17",
        "type": "github"
      },
      "original": {
        "owner": "nix-community",
        "repo": "home-manager",
        "type": "github"
      }
    },
    "import-tree": {
      "locked": {
        "lastModified": 1772344373,
        "narHash": "sha256-OQQ1MhB9t1J71b2wxRRTdH/Qd8UGG0p+dGspfCf5U1c=",
        "owner": "vic",
        "repo": "import-tree",
        "rev": "10fda59eee7d7970ec443b925f32a1bc7526648c",
        "type": "github"
      },
      "original": {
        "owner": "vic",
        "repo": "import-tree",
        "type": "github"
      }
    },
    "nixpkgs": {
      "locked": {
        "lastModified": 1772643971,
        "narHash": "sha256-bxJZa7mwdOOL9ReglQiC4ZGuhPtNiaYiLNV+AYWDJUU=",
        "rev": "400de68cd101e8cfebffea121397683caf7f5a34",
        "type": "tarball",
        "url": "https://releases.nixos.org/nixpkgs/nixpkgs-26.05pre958387.400de68cd101/nixexprs.tar.xz"
      },
      "original": {
        "type": "tarball",
        "url": "https://channels.nixos.org/nixpkgs-unstable/nixexprs.tar.xz"
      }
    },
    "root": {
      "inputs": {
        "den": "den",
        "flake-aspects": "flake-aspects",
        "flake-file": "flake-file",
        "flake-parts": "flake-parts",
        "home-manager": "home-manager",
        "import-tree": "import-tree",
        "nixpkgs": "nixpkgs",
        "nixpkgs-lib": [
          "nixpkgs"
        ]
      }
    }
  },
  "root": "root",
  "version": 7
}
